
Microsoft Visual Studio Solution File, Format Version 12.00
# Visual Studio Version 17
VisualStudioVersion = 17.2.32602.215
MinimumVisualStudioVersion = 10.0.40219.1
Project("{FAE04EC0-301F-11D3-BF4B-00C04F79EFBC}") = "RegistroCompras", "RegistroCompras\RegistroCompras.csproj", "{12BB7746-7942-46FB-A74F-1F26F2F8032D}"
EndProject
Global
	GlobalSection(SolutionConfigurationPlatforms) = preSolution
		Debug|Any CPU = Debug|Any CPU
		Release|Any CPU = Release|Any CPU
	EndGlobalSection
	GlobalSection(ProjectConfigurationPlatforms) = postSolution
		{12BB7746-7942-46FB-A74F-1F26F2F8032D}.Debug|Any CPU.ActiveCfg = Debug|Any CPU
		{12BB7746-7942-46FB-A74F-1F26F2F8032D}.Debug|Any CPU.Build.0 = Debug|Any CPU
		{12BB7746-7942-46FB-A74F-1F26F2F8032D}.Release|Any CPU.ActiveCfg = Release|Any CPU
		{12BB7746-7942-46FB-A74F-1F26F2F8032D}.Release|Any CPU.Build.0 = Release|Any CPU
	EndGlobalSection
	GlobalSection(SolutionProperties) = preSolution
		HideSolutionNode = FALSE
	EndGlobalSection
	GlobalSection(ExtensibilityGlobals) = postSolution
		SolutionGuid = {AB4EC9F4-5FA4-4407-9052-5988470AC481}
	EndGlobalSection
EndGlobal
